<?xml version="1.0" encoding="utf-8"?>
<Project ToolsVersion="4.0" xmlns="http://schemas.microsoft.com/developer/msbuild/2003">
  <ItemGroup>
    <Filter Include="Source Files">
      <UniqueIdentifier>{4FC737F1-C7A5-4376-A066-2A32D752A2FF}</UniqueIdentifier>
      <Extensions>cpp;c;cc;cxx;def;odl;idl;hpj;bat;asm;asmx</Extensions>
    </Filter>
    <Filter Include="Header Files">
      <UniqueIdentifier>{93995380-89BD-4b04-88EB-625FBE52EBFB}</UniqueIdentifier>
      <Extensions>h;hh;hpp;hxx;hm;inl;inc;xsd</Extensions>
    </Filter>
    <Filter Include="Resource Files">
      <UniqueIdentifier>{67DA6AB6-F800-4c08-8B7A-83BB121AAD01}</UniqueIdentifier>
      <Extensions>rc;ico;cur;bmp;dlg;rc2;rct;bin;rgs;gif;jpg;jpeg;jpe;resx;tiff;tif;png;wav;mfcribbon-ms</Extensions>
    </Filter>
  </ItemGroup>
  <ItemGroup>
    <ClCompile Include="src\log.cpp">
      <Filter>Source Files</Filter>
    </ClCompile>
    <ClCompile Include="src\modifier.cpp">
      <Filter>Source Files</Filter>
    </ClCompile>
    <ClCompile Include="src\mp3.cpp">
      <Filter>Source Files</Filter>
    </ClCompile>
    <ClCompile Include="src\serial_input.cpp">
      <Filter>Source Files</Filter>
    </ClCompile>
    <ClCompile Include="src\settings.cpp">
      <Filter>Source Files</Filter>
    </ClCompile>
    <ClCompile Include="src\state_machine.cpp">
      <Filter>Source Files</Filter>
    </ClCompile>
    <ClCompile Include="src\timer.cpp">
      <Filter>Source Files</Filter>
    </ClCompile>
    <ClCompile Include="src\tonuino.cpp">
      <Filter>Source Files</Filter>
    </ClCompile>
    <ClCompile Include="src\buttons.cpp">
      <Filter>Source Files</Filter>
    </ClCompile>
    <ClCompile Include="src\chip_card_v3.cpp">
      <Filter>Source Files</Filter>
    </ClCompile>
    <ClCompile Include="src\commands.cpp">
      <Filter>Source Files</Filter>
    </ClCompile>
    <ClCompile Include="src\PinChangeInterruptHandler\PinChangeInterruptHandler.cpp">
      <Filter>Source Files</Filter>
    </ClCompile>
    <ClCompile Include="src\PN532\PN532.cpp">
      <Filter>Source Files</Filter>
    </ClCompile>
    <ClCompile Include="src\PN532\PN532_HSU.cpp">
      <Filter>Source Files</Filter>
    </ClCompile>
    <ClCompile Include="src\PN532\PN532_SWHSU.cpp">
      <Filter>Source Files</Filter>
    </ClCompile>
    <ClCompile Include="src\SoftwareSerialLight\SoftwareSerialLight.cpp">
      <Filter>Source Files</Filter>
    </ClCompile>
    <ClCompile Include="src\ChangeCounter.cpp">
      <Filter>Source Files</Filter>
    </ClCompile>
  </ItemGroup>
  <ItemGroup>
    <ClInclude Include="src\modifier.hpp">
      <Filter>Header Files</Filter>
    </ClInclude>
    <ClInclude Include="src\mp3.hpp">
      <Filter>Header Files</Filter>
    </ClInclude>
    <ClInclude Include="src\queue.hpp">
      <Filter>Header Files</Filter>
    </ClInclude>
    <ClInclude Include="src\serial_input.hpp">
      <Filter>Header Files</Filter>
    </ClInclude>
    <ClInclude Include="src\settings.hpp">
      <Filter>Header Files</Filter>
    </ClInclude>
    <ClInclude Include="src\state_machine.hpp">
      <Filter>Header Files</Filter>
    </ClInclude>
    <ClInclude Include="src\timer.hpp">
      <Filter>Header Files</Filter>
    </ClInclude>
    <ClInclude Include="src\tinyfsm.hpp">
      <Filter>Header Files</Filter>
    </ClInclude>
    <ClInclude Include="src\tonuino.hpp">
      <Filter>Header Files</Filter>
    </ClInclude>
    <ClInclude Include="src\type_traits.hpp">
      <Filter>Header Files</Filter>
    </ClInclude>
    <ClInclude Include="src\array.hpp">
      <Filter>Header Files</Filter>
    </ClInclude>
    <ClInclude Include="src\buttons.hpp">
      <Filter>Header Files</Filter>
    </ClInclude>
    <ClInclude Include="src\chip_card_v3.hpp">
      <Filter>Header Files</Filter>
    </ClInclude>
    <ClInclude Include="src\commands.hpp">
      <Filter>Header Files</Filter>
    </ClInclude>
    <ClInclude Include="src\constants.hpp">
      <Filter>Header Files</Filter>
    </ClInclude>
    <ClInclude Include="src\log.hpp">
      <Filter>Header Files</Filter>
    </ClInclude>
    <ClInclude Include="src\logger.hpp">
      <Filter>Header Files</Filter>
    </ClInclude>
    <ClInclude Include="src\PinChangeInterruptHandler\PinChangeInterruptBoards.h">
      <Filter>Header Files</Filter>
    </ClInclude>
    <ClInclude Include="src\PinChangeInterruptHandler\PinChangeInterruptHandler.h">
      <Filter>Header Files</Filter>
    </ClInclude>
    <ClInclude Include="src\PN532\PN532.h">
      <Filter>Header Files</Filter>
    </ClInclude>
    <ClInclude Include="src\PN532\PN532Interface.h">
      <Filter>Header Files</Filter>
    </ClInclude>
    <ClInclude Include="src\PN532\PN532_debug.h">
      <Filter>Header Files</Filter>
    </ClInclude>
    <ClInclude Include="src\PN532\PN532_HSU.h">
      <Filter>Header Files</Filter>
    </ClInclude>
    <ClInclude Include="src\PN532\PN532_SWHSU.h">
      <Filter>Header Files</Filter>
    </ClInclude>
    <ClInclude Include="src\SoftwareSerialLight\SoftwareSerialLight.h">
      <Filter>Header Files</Filter>
    </ClInclude>
    <ClInclude Include="__vm\.TonUINO.vsarduino.h">
      <Filter>Header Files</Filter>
    </ClInclude>
    <ClInclude Include="src\ChangeCounter.h">
      <Filter>Header Files</Filter>
    </ClInclude>
  </ItemGroup>
</Project>